// !$*UTF8*$!
{
	archiveVersion = 1;
	classes = {
	};
	objectVersion = 46;
	objects = {

/* Begin PBXBuildFile section */
		FA321F3E1F3C072400CB8441 /* AppDelegate.swift in Sources */ = {isa = PBXBuildFile; fileRef = FA321F3D1F3C072400CB8441 /* AppDelegate.swift */; };
		FA321F401F3C072400CB8441 /* ViewController.swift in Sources */ = {isa = PBXBuildFile; fileRef = FA321F3F1F3C072400CB8441 /* ViewController.swift */; };
		FA321F431F3C072400CB8441 /* Main.storyboard in Resources */ = {isa = PBXBuildFile; fileRef = FA321F411F3C072400CB8441 /* Main.storyboard */; };
		FA321F451F3C072400CB8441 /* Assets.xcassets in Resources */ = {isa = PBXBuildFile; fileRef = FA321F441F3C072400CB8441 /* Assets.xcassets */; };
		FA321F481F3C072400CB8441 /* LaunchScreen.storyboard in Resources */ = {isa = PBXBuildFile; fileRef = FA321F461F3C072400CB8441 /* LaunchScreen.storyboard */; };
		FA321F5A1F3C082100CB8441 /* nssl0033.jpg in Resources */ = {isa = PBXBuildFile; fileRef = FA321F501F3C082100CB8441 /* nssl0033.jpg */; };
		FA321F5B1F3C082100CB8441 /* nssl0034.jpg in Resources */ = {isa = PBXBuildFile; fileRef = FA321F511F3C082100CB8441 /* nssl0034.jpg */; };
		FA321F5C1F3C082100CB8441 /* nssl0041.jpg in Resources */ = {isa = PBXBuildFile; fileRef = FA321F521F3C082100CB8441 /* nssl0041.jpg */; };
		FA321F5D1F3C082100CB8441 /* nssl0042.jpg in Resources */ = {isa = PBXBuildFile; fileRef = FA321F531F3C082100CB8441 /* nssl0042.jpg */; };
		FA321F5E1F3C082100CB8441 /* nssl0043.jpg in Resources */ = {isa = PBXBuildFile; fileRef = FA321F541F3C082100CB8441 /* nssl0043.jpg */; };
		FA321F5F1F3C082100CB8441 /* nssl0045.jpg in Resources */ = {isa = PBXBuildFile; fileRef = FA321F551F3C082100CB8441 /* nssl0045.jpg */; };
		FA321F601F3C082100CB8441 /* nssl0046.jpg in Resources */ = {isa = PBXBuildFile; fileRef = FA321F561F3C082100CB8441 /* nssl0046.jpg */; };
		FA321F611F3C082100CB8441 /* nssl0049.jpg in Resources */ = {isa = PBXBuildFile; fileRef = FA321F571F3C082100CB8441 /* nssl0049.jpg */; };
		FA321F621F3C082100CB8441 /* nssl0051.jpg in Resources */ = {isa = PBXBuildFile; fileRef = FA321F581F3C082100CB8441 /* nssl0051.jpg */; };
		FA321F631F3C082100CB8441 /* nssl0091.jpg in Resources */ = {isa = PBXBuildFile; fileRef = FA321F591F3C082100CB8441 /* nssl0091.jpg */; };
		FA321F651F3C1A2B00CB8441 /* DetailViewController.swift in Sources */ = {isa = PBXBuildFile; fileRef = FA321F641F3C1A2B00CB8441 /* DetailViewController.swift */; };
/* End PBXBuildFile section */

/* Begin PBXFileReference section */
		FA321F3A1F3C072400CB8441 /* stormViewer.app */ = {isa = PBXFileReference; explicitFileType = wrapper.application; includeInIndex = 0; path = stormViewer.app; sourceTree = BUILT_PRODUCTS_DIR; };
		FA321F3D1F3C072400CB8441 /* AppDelegate.swift */ = {isa = PBXFileReference; lastKnownFileType = sourcecode.swift; path = AppDelegate.swift; sourceTree = "<group>"; };
		FA321F3F1F3C072400CB8441 /* ViewController.swift */ = {isa = PBXFileReference; lastKnownFileType = sourcecode.swift; path = ViewController.swift; sourceTree = "<group>"; };
		FA321F421F3C072400CB8441 /* Base */ = {isa = PBXFileReference; lastKnownFileType = file.storyboard; name = Base; path = Base.lproj/Main.storyboard; sourceTree = "<group>"; };
		FA321F441F3C072400CB8441 /* Assets.xcassets */ = {isa = PBXFileReference; lastKnownFileType = folder.assetcatalog; path = Assets.xcassets; sourceTree = "<group>"; };
		FA321F471F3C072400CB8441 /* Base */ = {isa = PBXFileReference; lastKnownFileType = file.storyboard; name = Base; path = Base.lproj/LaunchScreen.storyboard; sourceTree = "<group>"; };
		FA321F491F3C072400CB8441 /* Info.plist */ = {isa = PBXFileReference; lastKnownFileType = text.plist.xml; path = Info.plist; sourceTree = "<group>"; };
		FA321F501F3C082100CB8441 /* nssl0033.jpg */ = {isa = PBXFileReference; lastKnownFileType = image.jpeg; path = nssl0033.jpg; sourceTree = "<group>"; };
		FA321F511F3C082100CB8441 /* nssl0034.jpg */ = {isa = PBXFileReference; lastKnownFileType = image.jpeg; path = nssl0034.jpg; sourceTree = "<group>"; };
		FA321F521F3C082100CB8441 /* nssl0041.jpg */ = {isa = PBXFileReference; lastKnownFileType = image.jpeg; path = nssl0041.jpg; sourceTree = "<group>"; };
		FA321F531F3C082100CB8441 /* nssl0042.jpg */ = {isa = PBXFileReference; lastKnownFileType = image.jpeg; path = nssl0042.jpg; sourceTree = "<group>"; };
		FA321F541F3C082100CB8441 /* nssl0043.jpg */ = {isa = PBXFileReference; lastKnownFileType = image.jpeg; path = nssl0043.jpg; sourceTree = "<group>"; };
		FA321F551F3C082100CB8441 /* nssl0045.jpg */ = {isa = PBXFileReference; lastKnownFileType = image.jpeg; path = nssl0045.jpg; sourceTree = "<group>"; };
		FA321F561F3C082100CB8441 /* nssl0046.jpg */ = {isa = PBXFileReference; lastKnownFileType = image.jpeg; path = nssl0046.jpg; sourceTree = "<group>"; };
		FA321F571F3C082100CB8441 /* nssl0049.jpg */ = {isa = PBXFileReference; lastKnownFileType = image.jpeg; path = nssl0049.jpg; sourceTree = "<group>"; };
		FA321F581F3C082100CB8441 /* nssl0051.jpg */ = {isa = PBXFileReference; lastKnownFileType = image.jpeg; path = nssl0051.jpg; sourceTree = "<group>"; };
		FA321F591F3C082100CB8441 /* nssl0091.jpg */ = {isa = PBXFileReference; lastKnownFileType = image.jpeg; path = nssl0091.jpg; sourceTree = "<group>"; };
		FA321F641F3C1A2B00CB8441 /* DetailViewController.swift */ = {isa = PBXFileReference; fileEncoding = 4; lastKnownFileType = sourcecode.swift; path = DetailViewController.swift; sourceTree = "<group>"; };
/* End PBXFileReference section */

/* Begin PBXFrameworksBuildPhase section */
		FA321F371F3C072400CB8441 /* Frameworks */ = {
			isa = PBXFrameworksBuildPhase;
			buildActionMask = 2147483647;
			files = (
			);
			runOnlyForDeploymentPostprocessing = 0;
		};
/* End PBXFrameworksBuildPhase section */

/* Begin PBXGroup section */
		FA321F311F3C072400CB8441 = {
			isa = PBXGroup;
			children = (
				FA321F3C1F3C072400CB8441 /* stormViewer */,
				FA321F3B1F3C072400CB8441 /* Products */,
			);
			sourceTree = "<group>";
		};
		FA321F3B1F3C072400CB8441 /* Products */ = {
			isa = PBXGroup;
			children = (
				FA321F3A1F3C072400CB8441 /* stormViewer.app */,
			);
			name = Products;
			sourceTree = "<group>";
		};
		FA321F3C1F3C072400CB8441 /* stormViewer */ = {
			isa = PBXGroup;
			children = (
				FA321F3D1F3C072400CB8441 /* AppDelegate.swift */,
				FA321F3F1F3C072400CB8441 /* ViewController.swift */,
				FA321F641F3C1A2B00CB8441 /* DetailViewController.swift */,
				FA321F411F3C072400CB8441 /* Main.storyboard */,
				FA321F441F3C072400CB8441 /* Assets.xcassets */,
				FA321F461F3C072400CB8441 /* LaunchScreen.storyboard */,
				FA321F491F3C072400CB8441 /* Info.plist */,
				FA321F4F1F3C082100CB8441 /* Content */,
			);
			path = stormViewer;
			sourceTree = "<group>";
		};
		FA321F4F1F3C082100CB8441 /* Content */ = {
			isa = PBXGroup;
			children = (
				FA321F501F3C082100CB8441 /* nssl0033.jpg */,
				FA321F511F3C082100CB8441 /* nssl0034.jpg */,
				FA321F521F3C082100CB8441 /* nssl0041.jpg */,
				FA321F531F3C082100CB8441 /* nssl0042.jpg */,
				FA321F541F3C082100CB8441 /* nssl0043.jpg */,
				FA321F551F3C082100CB8441 /* nssl0045.jpg */,
				FA321F561F3C082100CB8441 /* nssl0046.jpg */,
				FA321F571F3C082100CB8441 /* nssl0049.jpg */,
				FA321F581F3C082100CB8441 /* nssl0051.jpg */,
				FA321F591F3C082100CB8441 /* nssl0091.jpg */,
			);
			path = Content;
			sourceTree = "<group>";
		};
/* End PBXGroup section */

/* Begin PBXNativeTarget section */
		FA321F391F3C072400CB8441 /* stormViewer */ = {
			isa = PBXNativeTarget;
			buildConfigurationList = FA321F4C1F3C072400CB8441 /* Build configuration list for PBXNativeTarget "stormViewer" */;
			buildPhases = (
				FA321F361F3C072400CB8441 /* Sources */,
				FA321F371F3C072400CB8441 /* Frameworks */,
				FA321F381F3C072400CB8441 /* Resources */,
			);
			buildRules = (
			);
			dependencies = (
			);
			name = stormViewer;
			productName = stormViewer;
			productReference = FA321F3A1F3C072400CB8441 /* stormViewer.app */;
			productType = "com.apple.product-type.application";
		};
/* End PBXNativeTarget section */

/* Begin PBXProject section */
		FA321F321F3C072400CB8441 /* Project object */ = {
			isa = PBXProject;
			attributes = {
				LastSwiftUpdateCheck = 0830;
				LastUpgradeCheck = 0830;
				ORGANIZATIONNAME = hw;
				TargetAttributes = {
					FA321F391F3C072400CB8441 = {
						CreatedOnToolsVersion = 8.3.3;
						DevelopmentTeam = 8B4A3428Q6;
						ProvisioningStyle = Automatic;
					};
				};
			};
			buildConfigurationList = FA321F351F3C072400CB8441 /* Build configuration list for PBXProject "stormViewer" */;
			compatibilityVersion = "Xcode 3.2";
			developmentRegion = English;
			hasScannedForEncodings = 0;
			knownRegions = (
				en,
				Base,
			);
			mainGroup = FA321F311F3C072400CB8441;
			productRefGroup = FA321F3B1F3C072400CB8441 /* Products */;
			projectDirPath = "";
			projectRoot = "";
			targets = (
				FA321F391F3C072400CB8441 /* stormViewer */,
			);
		};
/* End PBXProject section */

/* Begin PBXResourcesBuildPhase section */
		FA321F381F3C072400CB8441 /* Resources */ = {
			isa = PBXResourcesBuildPhase;
			buildActionMask = 2147483647;
			files = (
				FA321F5B1F3C082100CB8441 /* nssl0034.jpg in Resources */,
				FA321F621F3C082100CB8441 /* nssl0051.jpg in Resources */,
				FA321F481F3C072400CB8441 /* LaunchScreen.storyboard in Resources */,
				FA321F5E1F3C082100CB8441 /* nssl0043.jpg in Resources */,
				FA321F5A1F3C082100CB8441 /* nssl0033.jpg in Resources */,
				FA321F5F1F3C082100CB8441 /* nssl0045.jpg in Resources */,
				FA321F601F3C082100CB8441 /* nssl0046.jpg in Resources */,
				FA321F611F3C082100CB8441 /* nssl0049.jpg in Resources */,
				FA321F5D1F3C082100CB8441 /* nssl0042.jpg in Resources */,
				FA321F451F3C072400CB8441 /* Assets.xcassets in Resources */,
				FA321F631F3C082100CB8441 /* nssl0091.jpg in Resources */,
				FA321F5C1F3C082100CB8441 /* nssl0041.jpg in Resources */,
				FA321F431F3C072400CB8441 /* Main.storyboard in Resources */,
			);
			runOnlyForDeploymentPostprocessing = 0;
		};
/* End PBXResourcesBuildPhase section */

/* Begin PBXSourcesBuildPhase section */
		FA321F361F3C072400CB8441 /* Sources */ = {
			isa = PBXSourcesBuildPhase;
			buildActionMask = 2147483647;
			files = (
				FA321F651F3C1A2B00CB8441 /* DetailViewController.swift in Sources */,
				FA321F401F3C072400CB8441 /* ViewController.swift in Sources */,
				FA321F3E1F3C072400CB8441 /* AppDelegate.swift in Sources */,
			);
			runOnlyForDeploymentPostprocessing = 0;
		};
/* End PBXSourcesBuildPhase section */

/* Begin PBXVariantGroup section */
		FA321F411F3C072400CB8441 /* Main.storyboard */ = {
			isa = PBXVariantGroup;
			children = (
				FA321F421F3C072400CB8441 /* Base */,
			);
			name = Main.storyboard;
			sourceTree = "<group>";
		};
		FA321F461F3C072400CB8441 /* LaunchScreen.storyboard */ = {
			isa = PBXVariantGroup;
			children = (
				FA321F471F3C072400CB8441 /* Base */,
			);
			name = LaunchScreen.storyboard;
			sourceTree = "<group>";
		};
/* End PBXVariantGroup section */

/* Begin XCBuildConfiguration section */
		FA321F4A1F3C072400CB8441 /* Debug */ = {
			isa = XCBuildConfiguration;
			buildSettings = {
				ALWAYS_SEARCH_USER_PATHS = NO;
				CLANG_ANALYZER_NONNULL = YES;
				CLANG_ANALYZER_NUMBER_OBJECT_CONVERSION = YES_AGGRESSIVE;
				CLANG_CXX_LANGUAGE_STANDARD = "gnu++0x";
				CLANG_CXX_LIBRARY = "libc++";
				CLANG_ENABLE_MODULES = YES;
				CLANG_ENABLE_OBJC_ARC = YES;
				CLANG_WARN_BOOL_CONVERSION = YES;
				CLANG_WARN_CONSTANT_CONVERSION = YES;
				CLANG_WARN_DIRECT_OBJC_ISA_USAGE = YES_ERROR;
				CLANG_WARN_DOCUMENTATION_COMMENTS = YES;
				CLANG_WARN_EMPTY_BODY = YES;
				CLANG_WARN_ENUM_CONVERSION = YES;
				CLANG_WARN_INFINITE_RECURSION = YES;
				CLANG_WARN_INT_CONVERSION = YES;
				CLANG_WARN_OBJC_ROOT_CLASS = YES_ERROR;
				CLANG_WARN_SUSPICIOUS_MOVE = YES;
				CLANG_WARN_UNREACHABLE_CODE = YES;
				CLANG_WARN__DUPLICATE_METHOD_MATCH = YES;
				"CODE_SIGN_IDENTITY[sdk=iphoneos*]" = "iPhone Developer";
				COPY_PHASE_STRIP = NO;
				DEBUG_INFORMATION_FORMAT = dwarf;
				ENABLE_STRICT_OBJC_MSGSEND = YES;
				ENABLE_TESTABILITY = YES;
				GCC_C_LANGUAGE_STANDARD = gnu99;
				GCC_DYNAMIC_NO_PIC = NO;
				GCC_NO_COMMON_BLOCKS = YES;
				GCC_OPTIMIZATION_LEVEL = 0;
				GCC_PREPROCESSOR_DEFINITIONS = (
					"DEBUG=1",
					"$(inherited)",
				);
				GCC_WARN_64_TO_32_BIT_CONVERSION = YES;
				GCC_WARN_ABOUT_RETURN_TYPE = YES_ERROR;
				GCC_WARN_UNDECLARED_SELECTOR = YES;
				GCC_WARN_UNINITIALIZED_AUTOS = YES_AGGRESSIVE;
				GCC_WARN_UNUSED_FUNCTION = YES;
				GCC_WARN_UNUSED_VARIABLE = YES;
				IPHONEOS_DEPLOYMENT_TARGET = 10.3;
				MTL_ENABLE_DEBUG_INFO = YES;
				ONLY_ACTIVE_ARCH = YES;
				SDKROOT = iphoneos;
				SWIFT_ACTIVE_COMPILATION_CONDITIONS = DEBUG;
				SWIFT_OPTIMIZATION_LEVEL = "-Onone";
			};
			name = Debug;
		};
		FA321F4B1F3C072400CB8441 /* Release */ = {
			isa = XCBuildConfiguration;
			buildSettings = {
				ALWAYS_SEARCH_USER_PATHS = NO;
				CLANG_ANALYZER_NONNULL = YES;
				CLANG_ANALYZER_NUMBER_OBJECT_CONVERSION = YES_AGGRESSIVE;
				CLANG_CXX_LANGUAGE_STANDARD = "gnu++0x";
				CLANG_CXX_LIBRARY = "libc++";
				CLANG_ENABLE_MODULES = YES;
				CLANG_ENABLE_OBJC_ARC = YES;
				CLANG_WARN_BOOL_CONVERSION = YES;
				CLANG_WARN_CONSTANT_CONVERSION = YES;
				CLANG_WARN_DIRECT_OBJC_ISA_USAGE = YES_ERROR;
				CLANG_WARN_DOCUMENTATION_COMMENTS = YES;
				CLANG_WARN_EMPTY_BODY = YES;
				CLANG_WARN_ENUM_CONVERSION = YES;
				CLANG_WARN_INFINITE_RECURSION = YES;
				CLANG_WARN_INT_CONVERSION = YES;
				CLANG_WARN_OBJC_ROOT_CLASS = YES_ERROR;
				CLANG_WARN_SUSPICIOUS_MOVE = YES;
				CLANG_WARN_UNREACHABLE_CODE = YES;
				CLANG_WARN__DUPLICATE_METHOD_MATCH = YES;
				"CODE_SIGN_IDENTITY[sdk=iphoneos*]" = "iPhone Developer";
				COPY_PHASE_STRIP = NO;
				DEBUG_INFORMATION_FORMAT = "dwarf-with-dsym";
				ENABLE_NS_ASSERTIONS = NO;
				ENABLE_STRICT_OBJC_MSGSEND = YES;
				GCC_C_LANGUAGE_STANDARD = gnu99;
				GCC_NO_COMMON_BLOCKS = YES;
				GCC_WARN_64_TO_32_BIT_CONVERSION = YES;
				GCC_WARN_ABOUT_RETURN_TYPE = YES_ERROR;
				GCC_WARN_UNDECLARED_SELECTOR = YES;
				GCC_WARN_UNINITIALIZED_AUTOS = YES_AGGRESSIVE;
				GCC_WARN_UNUSED_FUNCTION = YES;
				GCC_WARN_UNUSED_VARIABLE = YES;
				IPHONEOS_DEPLOYMENT_TARGET = 10.3;
				MTL_ENABLE_DEBUG_INFO = NO;
				SDKROOT = iphoneos;
				SWIFT_OPTIMIZATION_LEVEL = "-Owholemodule";
				VALIDATE_PRODUCT = YES;
			};
			name = Release;
		};
		FA321F4D1F3C072400CB8441 /* Debug */ = {
			isa = XCBuildConfiguration;
			buildSettings = {
				ASSETCATALOG_COMPILER_APPICON_NAME = AppIcon;
				DEVELOPMENT_TEAM = 8B4A3428Q6;
				INFOPLIST_FILE = stormViewer/Info.plist;
				LD_RUNPATH_SEARCH_PATHS = "$(inherited) @executable_path/Frameworks";
				PRODUCT_BUNDLE_IDENTIFIER = com.hw.stormViewer;
				PRODUCT_NAME = "$(TARGET_NAME)";
				SWIFT_VERSION = 3.0;
			};
			name = Debug;
		};
		FA321F4E1F3C072400CB8441 /* Release */ = {
			isa = XCBuildConfiguration;
			buildSettings = {
				ASSETCATALOG_COMPILER_APPICON_NAME = AppIcon;
				DEVELOPMENT_TEAM = 8B4A3428Q6;
				INFOPLIST_FILE = stormViewer/Info.plist;
				LD_RUNPATH_SEARCH_PATHS = "$(inherited) @executable_path/Frameworks";
				PRODUCT_BUNDLE_IDENTIFIER = com.hw.stormViewer;
				PRODUCT_NAME = "$(TARGET_NAME)";
				SWIFT_VERSION = 3.0;
			};
			name = Release;
		};
/* End XCBuildConfiguration section */

/* Begin XCConfigurationList section */
		FA321F351F3C072400CB8441 /* Build configuration list for PBXProject "stormViewer" */ = {
			isa = XCConfigurationList;
			buildConfigurations = (
				FA321F4A1F3C072400CB8441 /* Debug */,
				FA321F4B1F3C072400CB8441 /* Release */,
			);
			defaultConfigurationIsVisible = 0;
			defaultConfigurationName = Release;
		};
		FA321F4C1F3C072400CB8441 /* Build configuration list for PBXNativeTarget "stormViewer" */ = {
			isa = XCConfigurationList;
			buildConfigurations = (
				FA321F4D1F3C072400CB8441 /* Debug */,
				FA321F4E1F3C072400CB8441 /* Release */,
			);
			defaultConfigurationIsVisible = 0;
		};
/* End XCConfigurationList section */
	};
	rootObject = FA321F321F3C072400CB8441 /* Project object */;
}
